github.com/Microsoft/go-winio v0.4.14 h1:+hMXMk01us9KgxGb7ftKQt2Xpf5hH/yky+TDA+qxleU=
github.com/Microsoft/go-winio v0.4.14/go.mod h1:qXqCSQ3Xa7+6tgxaGTIe4Kpcdsi+P8jBhyzoq1bpyYA=
github.com/acarl005/stripansi v0.0.0-20180116102854-5a71ef0e047d h1:licZJFw2RwpHMqeKTCYkitsPqHNxTmd4SNR5r94FGM8=
github.com/acarl005/stripansi v0.0.0-20180116102854-5a71ef0e047d/go.mod h1:asat636LX7Bqt5lYEZ27JNDcqxfjdBQuJ/MM4CN/Lzo=
github.com/davecgh/go-spew v1.1.1/go.mod h1:J7Y8YcW2NihsgmVo/mv3lAwl/skON4iLHjSsI+c5H38=
github.com/docker/distribution v2.7.1+incompatible h1:a5mlkVzth6W5A4fOsS3D2EO5BUmsJpcB+cRlLU7cSug=
github.com/docker/distribution v2.7.1+incompatible/go.mod h1:J2gT2udsDAN96Uj4KfcMRqY0/ypR+oyYUYmja8H+y+w=
github.com/docker/docker v1.13.1 h1:IkZjBSIc8hBjLpqeAbeE5mca5mNgeatLHBy3GO78BWo=
github.com/docker/docker v1.13.1/go.mod h1:eEKB0N0r5NX/I1kEveEz05bcu8tLC/8azJZsviup8Sk=
github.com/docker/go-connections v0.4.0 h1:El9xVISelRB7BuFusrZozjnkIM5YnzCViNKohAFqRJQ=
github.com/docker/go-connections v0.4.0/go.mod h1:Gbd7IOopHjR8Iph03tsViu4nIes5XhDvyHbTtUxmeec=
github.com/docker/go-units v0.4.0 h1:3uh0PgVws3nIA0Q+MwDC8yjEPf9zjRfZZWXZYDct3Tw=
github.com/docker/go-units v0.4.0/go.mod h1:fgPhTUdO+D/Jk86RDLlptpiXQzgHJF7gydDDbaIK4Dk=
github.com/docopt/docopt-go v0.0.0-20180111231733-ee0de3bc6815 h1:bWDMxwH3px2JBh6AyO7hdCn/PkvCZXii8TGj7sbtEbQ=
github.com/docopt/docopt-go v0.0.0-20180111231733-ee0de3bc6815/go.mod h1:WwZ+bS3ebgob9U8Nd0kOddGdZWjyMGR8Wziv+TBNwSE=
github.com/globalsign/mgo v0.0.0-20181015135952-eeefdecb41b8 h1:DujepqpGd1hyOd7aW59XpK7Qymp8iy83xq74fLr21is=
github.com/globalsign/mgo v0.0.0-20181015135952-eeefdecb41b8/go.mod h1:xkRDCp4j0OGD1HRkm4kmhM+pmpv3AKq5SU7GMg4oO/Q=
github.com/go-chi/chi v1.0.0 h1:s/kv1cTXfivYjdKJdyUzNGyAWZ/2t7duW1gKn5ivu+c=
github.com/go-chi/chi v4.1.2+incompatible h1:fGFk2Gmi/YKXk0OmGfBh0WgmN3XB8lVnEyNz34tQRec=
github.com/go-chi/chi v4.1.2+incompatible/go.mod h1:eB3wogJHnLi3x/kFX2A+IbTBlXxmMeXJVKy9tTv1XzQ=
github.com/go-yaml/yaml v2.1.0+incompatible h1:RYi2hDdss1u4YE7GwixGzWwVo47T8UQwnTLB6vQiq+o=
github.com/go-yaml/yaml v2.1.0+incompatible/go.mod h1:w2MrLa16VYP0jy6N7M5kHaCkaLENm+P+Tv+MfurjSw0=
github.com/gorilla/rpc v1.2.0 h1:WvvdC2lNeT1SP32zrIce5l0ECBfbAlmrmSBsuc57wfk=
github.com/gorilla/rpc v1.2.0/go.mod h1:V4h9r+4sF5HnzqbwIez0fKSpANP0zlYd3qR7p36jkTQ=
github.com/gorilla/websocket v1.4.2 h1:+/TMaTYc4QFitKJxsQ7Yye35DkWvkdLcvGKqM+x0Ufc=
github.com/gorilla/websocket v1.4.2/go.mod h1:YR8l580nyteQvAITg2hZ9XVh4b55+EU/adAjf1fMHhE=
github.com/iancoleman/strcase v0.0.0-20191112232945-16388991a334 h1:VHgatEHNcBFEB7inlalqfNqw65aNkM1lGX2yt3NmbS8=
github.com/iancoleman/strcase v0.0.0-20191112232945-16388991a334/go.mod h1:SK73tn/9oHe+/Y0h39VT4UCxmurVJkR5NA7kMEAOgSE=
github.com/konsorten/go-windows-terminal-sequences v1.0.1/go.mod h1:T0+1ngSBFLxvqU3pZ+m/2kptfBszLMUkC4ZK/EgS/cQ=
github.com/kovetskiy/aur-go v0.0.0-20200922071921-ab2b5bbf5372 h1:Aj7Nyg6yJ0YaqMtHmLOo90FfITT+pg+yGnpu0zqVK9g=
github.com/kovetskiy/aur-go v0.0.0-20200922071921-ab2b5bbf5372/go.mod h1:flJR2Dd1RaN1Ss5YcoCGWhZMszQkBsIX4+hN+SfeAXM=
github.com/kovetskiy/ko v0.0.0-20200620085804-ec6b220882b0 h1:GeX0zpuenyu5RO61c4f9aXpXFppotvuTCSL5foXkvhQ=
github.com/kovetskiy/ko v0.0.0-20200620085804-ec6b220882b0/go.mod h1:lmBGWZ2ox1+6CxH2+1hpVsLukvQe/7G8VZJJe+0DlpA=
github.com/kovetskiy/lorg v0.0.0-20200107130803-9a7136a95634 h1:szpgh20EtHoQhJ38jrp7S2nlrhf56GSwa4de0hMfc2U=
github.com/kovetskiy/lorg v0.0.0-20200107130803-9a7136a95634/go.mod h1:B8HeKAukXULNzWWsW5k/SQyDkiQZPn7lTBJDB46MZ9I=
github.com/kovetskiy/toml v0.2.0 h1:tMsPGWE3ejTjXop10/17b/tDtbwQJZdBfc0e+l3WndA=
github.com/kovetskiy/toml v0.2.0/go.mod h1:+nh++V8wCesSlfPA3DSXGO1hiAHDVHDqem4ixTsWuRY=
github.com/opencontainers/go-digest v1.0.0 h1:apOUWs51W5PlhuyGyz9FCeeBIOUDA/6nW8Oi/yOhh5U=
github.com/opencontainers/go-digest v1.0.0/go.mod h1:0JzlMkj0TRzQZfJkVvzbP0HBR3IKzErnv2BNG4W4MAM=
github.com/pkg/errors v0.8.1/go.mod h1:bwawxfHBFNV+L2hUp1rHADufV3IMtnDRdf1r5NINEl0=
github.com/pkg/errors v0.9.1 h1:FEBLx1zS214owpjy7qsBeixbURkuhQAwrK5UwLGTwt4=
github.com/pkg/errors v0.9.1/go.mod h1:bwawxfHBFNV+L2hUp1rHADufV3IMtnDRdf1r5NINEl0=
github.com/pmezard/go-difflib v1.0.0/go.mod h1:iKH77koFhYxTK1pcRnkKkqfTogsbg7gZNVY4sRDYZ/4=
github.com/powerman/rpc-codec v1.2.2 h1:BK0JScZivljhwW/vLLhZLtUgqSxc/CD3sHEs8LiwwKw=
github.com/powerman/rpc-codec v1.2.2/go.mod h1:3Qr/y/+u3CwcSww9tfJMRn/95lB2qUdUeIQe7BYlLDo=
github.com/reconquest/callbackwriter-go v0.0.0-20160818100920-951e238f72da h1:xBUNZBPFlY8zFDh5RKYjDmTZIR3N4f0o5ca0uiGxIJM=
github.com/reconquest/callbackwriter-go v0.0.0-20160818100920-951e238f72da/go.mod h1:/3bq4ExKQqS6ePDFGWVTGxRjjjxsTbq82ECn6SGjrck=
github.com/reconquest/executil-go v0.0.0-20181110204642-1f5c2d67813f h1:z1ngdCBGkIqhguiSVsn7VI/PLzGnC6r1JClA4iv+5hA=
github.com/reconquest/executil-go v0.0.0-20181110204642-1f5c2d67813f/go.mod h1:63UJzHtKBhZ2qo6JzQFn8wOG8bNXextZyVOjlXUE+9I=
github.com/reconquest/faces v0.0.0-20160912074517-d3a9fd94afb3 h1:Ph6imGiRh254jk9PFdEKsQwuAqyfJWeDfdifP6inI+I=
github.com/reconquest/faces v0.0.0-20160912074517-d3a9fd94afb3/go.mod h1:rgkZJygVPicllngrImZiJKGLJtd4aYC+d29y/U7cGLw=
github.com/reconquest/hierr-go v0.0.0-20170824213838-7d09c0176fd2 h1:v3ctQXyIHprCI7s42LGmMYbulnnpjeD4zcvq78D1ung=
github.com/reconquest/hierr-go v0.0.0-20170824213838-7d09c0176fd2/go.mod h1:dF8sYs86hXr+kKjDVvxDZYMUsTm5yr0PFQqLer/xsrk=
github.com/reconquest/karma-go v0.0.0-20200326104714-79480464fdb5 h1:zDWjDur+l8W6pKksuc1VdKcdYrfHrTO9jRN131XoG1g=
github.com/reconquest/karma-go v0.0.0-20200326104714-79480464fdb5/go.mod h1:oTXKs9J7KQ1gCpnvSwCbH9vlvELZFfUSbEbrr2ABeo0=
github.com/reconquest/lexec-go v0.0.0-20200223130808-7bb9dd1fa68e h1:/rbciS/M5mhBPX5+db85qLs3uiip4AK69waApNIHKck=
github.com/reconquest/lexec-go v0.0.0-20200223130808-7bb9dd1fa68e/go.mod h1:dvTh1eTEb2Ve7iUpKXtPU+PuvB7cOoG+nza2sj0/Vk8=
github.com/reconquest/lineflushwriter-go v0.0.0-20200921103343-b9b8d10a6851 h1:o2J6abTvFylmmepI2GgNSeZZlUUz4xz3UStWIY6EXLk=
github.com/reconquest/lineflushwriter-go v0.0.0-20200921103343-b9b8d10a6851/go.mod h1:tpO+vNC9ppBvJErZXrQpfwiVDuza5k1nRWH7SrutKtY=
github.com/reconquest/nopio-go v0.0.0-20161213101805-20796acb207f h1:IA86P8l4xRMNbd021H3fGgdIT/B5D/bvdT0xsMqOC/c=
github.com/reconquest/nopio-go v0.0.0-20161213101805-20796acb207f/go.mod h1:xyNcU6XK6bQpR3pVBIHFPi4Xh6NV/FBKnWkYV8lwv1k=
github.com/reconquest/prefixwriter-go v0.0.0-20160818100856-f514fb348765 h1:k58eBNxHzc6O0vhzllmdzy5BlirJZThGcpDgFHubuO4=
github.com/reconquest/prefixwriter-go v0.0.0-20160818100856-f514fb348765/go.mod h1:z9LtGhtea7VfKy2zUC3OeLOZMeLJFY7IrhBex4C7q8Q=
github.com/reconquest/regexputil-go v0.0.0-20160905154124-38573e70c1f4 h1:bcDXaTFC09IIg13Z8gfQHk4gSu001ET7ssW/wKRvPzg=
github.com/reconquest/regexputil-go v0.0.0-20160905154124-38573e70c1f4/go.mod h1:OI1di2iiFSwX3D70iZjzdmCPPfssjOl+HX40tI3VaXA=
github.com/reconquest/ser-go v0.0.0-20181114141834-0d1f485292ce h1:bNhTHXC0NX1wo3nGVdM6LZL+90Qx1NVBYDlw9+H9IMw=
github.com/reconquest/ser-go v0.0.0-20181114141834-0d1f485292ce/go.mod h1:H3Pgo5dsVfGXxKBNju4XnzDKLcejXSgBY7y5t+LDk24=
github.com/reconquest/threadpool-go v0.0.0-20200611094221-afeb4fccf259 h1:PORgmeBOvYXGrNbyZuOm3xCMfJpp41YIF/ykRfP1xEA=
github.com/reconquest/threadpool-go v0.0.0-20200611094221-afeb4fccf259/go.mod h1:a1y79I7kPFTe+QwM87W4eNFh3oaz1jTE8isXHTnuNkE=
github.com/sirupsen/logrus v1.4.1/go.mod h1:ni0Sbl8bgC9z8RoU9G6nDWqqs/fq4eDPysMBDgk/93Q=
github.com/stretchr/objx v0.1.1/go.mod h1:HFkY916IF+rwdDfMAkV7OtwuqBVzrE8GR6GFx+wExME=
github.com/stretchr/testify v1.2.2/go.mod h1:a8OnRcib4nhh0OaRAV+Yts87kKdq0PP7pXfy6kDkUVs=
github.com/zazab/zhash v0.0.0-20170403032415-ad45b89afe7a h1:8gf6DUwu6F8Fh3rN8Ei9TM66KkWrNC04FP3HlcbxPuQ=
github.com/zazab/zhash v0.0.0-20170403032415-ad45b89afe7a/go.mod h1:P+yVThXQrjx7yGmgsdI4WQ/XDDmcyBMZzK1b39TXteA=
golang.org/x/crypto v0.0.0-20190308221718-c2843e01d9a2/go.mod h1:djNgcEr1/C05ACkg1iLfiJU5Ep61QUkGW8qpdssI0+w=
golang.org/x/crypto v0.0.0-20200622213623-75b288015ac9 h1:psW17arqaxU48Z5kZ0CQnkZWQJsqcURM6tKiBApRjXI=
golang.org/x/crypto v0.0.0-20200622213623-75b288015ac9/go.mod h1:LzIPMQfyMNhhGPhUkYOs5KpL4U8rLKemX1yGLhDgUto=
golang.org/x/net v0.0.0-20190404232315-eb5bcb51f2a3/go.mod h1:t9HGtf8HONx5eT2rtn7q6eTqICYqUVnKs3thJo3Qplg=
golang.org/x/net v0.0.0-20200904194848-62affa334b73 h1:MXfv8rhZWmFeqX3GNZRsd6vOLoaCHjYEX3qkRo3YBUA=
golang.org/x/net v0.0.0-20200904194848-62affa334b73/go.mod h1:/O7V0waA8r7cgGh81Ro3o1hOxt32SMVPicZroKQ2sZA=
golang.org/x/sys v0.0.0-20180905080454-ebe1bf3edb33/go.mod h1:STP8DvDyc/dI5b8T5hshtkjS+E42TnysNCUPdjciGhY=
golang.org/x/sys v0.0.0-20190215142949-d0b11bdaac8a/go.mod h1:STP8DvDyc/dI5b8T5hshtkjS+E42TnysNCUPdjciGhY=
golang.org/x/sys v0.0.0-20190412213103-97732733099d/go.mod h1:h1NjWce9XRLGQEsW7wpKNCjG9DtNlClVuFLEZdDNbEs=
golang.org/x/sys v0.0.0-20190507160741-ecd444e8653b/go.mod h1:h1NjWce9XRLGQEsW7wpKNCjG9DtNlClVuFLEZdDNbEs=
golang.org/x/sys v0.0.0-20200323222414-85ca7c5b95cd h1:xhmwyvizuTgC2qz7ZlMluP20uW+C3Rm0FD/WLDX8884=
golang.org/x/sys v0.0.0-20200323222414-85ca7c5b95cd/go.mod h1:h1NjWce9XRLGQEsW7wpKNCjG9DtNlClVuFLEZdDNbEs=
golang.org/x/text v0.3.0/go.mod h1:NqM8EUOU14njkJ3fqMW+pc6Ldnwhi/IjpwHt7yyuwOQ=
